
Microsoft Visual Studio Solution File, Format Version 12.00
# Visual Studio Version 16
VisualStudioVersion = 25.0.1706.0
MinimumVisualStudioVersion = 10.0.40219.1
Project("{FAE04EC0-301F-11D3-BF4B-00C04F79EFBC}") = "MyFirstProgram", "MyFirstProgram\MyFirstProgram.csproj", "{9B707A2B-D62F-4244-906F-0240994A22CD}"
EndProject
Global
	GlobalSection(SolutionConfigurationPlatforms) = preSolution
		Debug|Any CPU = Debug|Any CPU
		Release|Any CPU = Release|Any CPU
	EndGlobalSection
	GlobalSection(ProjectConfigurationPlatforms) = postSolution
		{9B707A2B-D62F-4244-906F-0240994A22CD}.Debug|Any CPU.ActiveCfg = Debug|Any CPU
		{9B707A2B-D62F-4244-906F-0240994A22CD}.Debug|Any CPU.Build.0 = Debug|Any CPU
		{9B707A2B-D62F-4244-906F-0240994A22CD}.Release|Any CPU.ActiveCfg = Release|Any CPU
		{9B707A2B-D62F-4244-906F-0240994A22CD}.Release|Any CPU.Build.0 = Release|Any CPU
	EndGlobalSection
	GlobalSection(SolutionProperties) = preSolution
		HideSolutionNode = FALSE
	EndGlobalSection
	GlobalSection(ExtensibilityGlobals) = postSolution
		SolutionGuid = {DABA856D-68D5-49D4-833D-16B28364A8F8}
	EndGlobalSection
EndGlobal
